Microsoft Visual Studio Solution File, Format Version 12.00
# Visual Studio Version 17
VisualStudioVersion = 17.5.2.0
MinimumVisualStudioVersion = 10.0.40219.1
Project("{FAE04EC0-301F-11D3-BF4B-00C04F79EFBC}") = "TutorTrackApi", "TutorTrackApi\TutorTrackApi.csproj", "{25B6A46E-262D-4B06-F4E5-485D45364283}"
EndProject
Global
	GlobalSection(SolutionConfigurationPlatforms) = preSolution
		Debug|Any CPU = Debug|Any CPU
		Release|Any CPU = Release|Any CPU
	EndGlobalSection
	GlobalSection(ProjectConfigurationPlatforms) = postSolution
		{25B6A46E-262D-4B06-F4E5-485D45364283}.Debug|Any CPU.ActiveCfg = Debug|Any CPU
		{25B6A46E-262D-4B06-F4E5-485D45364283}.Debug|Any CPU.Build.0 = Debug|Any CPU
		{25B6A46E-262D-4B06-F4E5-485D45364283}.Release|Any CPU.ActiveCfg = Release|Any CPU
		{25B6A46E-262D-4B06-F4E5-485D45364283}.Release|Any CPU.Build.0 = Release|Any CPU
	EndGlobalSection
	GlobalSection(SolutionProperties) = preSolution
		HideSolutionNode = FALSE
	EndGlobalSection
	GlobalSection(ExtensibilityGlobals) = postSolution
		SolutionGuid = {988E5641-3CFF-4BBB-873A-11B0BAEBC753}
	EndGlobalSection
EndGlobal
